[[package]]
name = "attrs"
version = "22.1.0"
description = "Classes Without Boilerplate"
category = "dev"
optional = false
python-versions = ">=3.5"

[package.extras]
dev = ["cloudpickle", "coverage[toml] (>=5.0.2)", "furo", "hypothesis", "mypy (>=0.900,!=0.940)", "pre-commit", "pympler", "pytest (>=4.3.0)", "pytest-mypy-plugins", "sphinx", "sphinx-notfound-page", "zope.interface"]
docs = ["furo", "sphinx", "sphinx-notfound-page", "zope.interface"]
tests = ["cloudpickle", "coverage[toml] (>=5.0.2)", "hypothesis", "mypy (>=0.900,!=0.940)", "pympler", "pytest (>=4.3.0)", "pytest-mypy-plugins", "zope.interface"]
tests_no_zope = ["cloudpickle", "coverage[toml] (>=5.0.2)", "hypothesis", "mypy (>=0.900,!=0.940)", "pympler", "pytest (>=4.3.0)", "pytest-mypy-plugins"]

[[package]]
name = "colorama"
version = "0.4.5"
description = "Cross-platform colored terminal text."
category = "main"
optional = false
python-versions = ">=2.7, !=3.0.*, !=3.1.*, !=3.2.*, !=3.3.*, !=3.4.*"

[[package]]
name = "iniconfig"
version = "1.1.1"
description = "iniconfig: brain-dead simple config-ini parsing"
category = "dev"
optional = false
python-versions = "*"

[[package]]
name = "numpy"
version = "1.23.3"
description = "NumPy is the fundamental package for array computing with Python."
category = "main"
optional = false
python-versions = ">=3.8"

[[package]]
name = "packaging"
version = "21.3"
description = "Core utilities for Python packages"
category = "dev"
optional = false
python-versions = ">=3.6"

[package.dependencies]
pyparsing = ">=2.0.2,<3.0.5 || >3.0.5"

[[package]]
name = "pandas"
version = "1.5.0"
description = "Powerful data structures for data analysis, time series, and statistics"
category = "main"
optional = false
python-versions = ">=3.8"

[package.dependencies]
numpy = {version = ">=1.21.0", markers = "python_version >= \"3.10\""}
python-dateutil = ">=2.8.1"
pytz = ">=2020.1"

[package.extras]
test = ["hypothesis (>=5.5.3)", "pytest (>=6.0)", "pytest-xdist (>=1.31)"]

[[package]]
name = "pip"
version = "22.2.2"
description = "The PyPA recommended tool for installing Python packages."
category = "main"
optional = false
python-versions = ">=3.7"

[[package]]
name = "pluggy"
version = "1.0.0"
description = "plugin and hook calling mechanisms for python"
category = "dev"
optional = false
python-versions = ">=3.6"

[package.extras]
dev = ["pre-commit", "tox"]
testing = ["pytest", "pytest-benchmark"]

[[package]]
name = "py"
version = "1.11.0"
description = "library with cross-python path, ini-parsing, io, code, log facilities"
category = "dev"
optional = false
python-versions = ">=2.7, !=3.0.*, !=3.1.*, !=3.2.*, !=3.3.*, !=3.4.*"

[[package]]
name = "pyparsing"
version = "3.0.9"
description = "pyparsing module - Classes and methods to define and execute parsing grammars"
category = "dev"
optional = false
python-versions = ">=3.6.8"

[package.extras]
diagrams = ["jinja2", "railroad-diagrams"]

[[package]]
name = "pysam"
version = "0.19.1"
description = "pysam"
category = "main"
optional = false
python-versions = "*"

[[package]]
name = "pytest"
version = "7.1.3"
description = "pytest: simple powerful testing with Python"
category = "dev"
optional = false
python-versions = ">=3.7"

[package.dependencies]
attrs = ">=19.2.0"
colorama = {version = "*", markers = "sys_platform == \"win32\""}
iniconfig = "*"
packaging = "*"
pluggy = ">=0.12,<2.0"
py = ">=1.8.2"
tomli = ">=1.0.0"

[package.extras]
testing = ["argcomplete", "hypothesis (>=3.56)", "mock", "nose", "pygments (>=2.7.2)", "requests", "xmlschema"]

[[package]]
name = "python-dateutil"
version = "2.8.2"
description = "Extensions to the standard Python datetime module"
category = "main"
optional = false
python-versions = "!=3.0.*,!=3.1.*,!=3.2.*,>=2.7"

[package.dependencies]
six = ">=1.5"

[[package]]
name = "pytz"
version = "2022.4"
description = "World timezone definitions, modern and historical"
category = "main"
optional = false
python-versions = "*"

[[package]]
name = "six"
version = "1.16.0"
description = "Python 2 and 3 compatibility utilities"
category = "main"
optional = false
python-versions = ">=2.7, !=3.0.*, !=3.1.*, !=3.2.*"

[[package]]
name = "tomli"
version = "2.0.1"
description = "A lil' TOML parser"
category = "dev"
optional = false
python-versions = ">=3.7"

[[package]]
name = "tqdm"
version = "4.64.1"
description = "Fast, Extensible Progress Meter"
category = "main"
optional = false
python-versions = "!=3.0.*,!=3.1.*,!=3.2.*,!=3.3.*,>=2.7"

[package.dependencies]
colorama = {version = "*", markers = "platform_system == \"Windows\""}

[package.extras]
dev = ["py-make (>=0.1.0)", "twine", "wheel"]
notebook = ["ipywidgets (>=6)"]
slack = ["slack-sdk"]
telegram = ["requests"]

[metadata]
lock-version = "1.1"
python-versions = "^3.10"
content-hash = "fdd76b9d8792a5a1e4564b39526fa41f8c8691cb7d30e95590d77d0b58933971"

[metadata.files]
attrs = [
    {file = "attrs-22.1.0-py2.py3-none-any.whl", hash = "sha256:86efa402f67bf2df34f51a335487cf46b1ec130d02b8d39fd248abfd30da551c"},
    {file = "attrs-22.1.0.tar.gz", hash = "sha256:29adc2665447e5191d0e7c568fde78b21f9672d344281d0c6e1ab085429b22b6"},
]
colorama = [
    {file = "colorama-0.4.5-py2.py3-none-any.whl", hash = "sha256:854bf444933e37f5824ae7bfc1e98d5bce2ebe4160d46b5edf346a89358e99da"},
    {file = "colorama-0.4.5.tar.gz", hash = "sha256:e6c6b4334fc50988a639d9b98aa429a0b57da6e17b9a44f0451f930b6967b7a4"},
]
iniconfig = [
    {file = "iniconfig-1.1.1-py2.py3-none-any.whl", hash = "sha256:011e24c64b7f47f6ebd835bb12a743f2fbe9a26d4cecaa7f53bc4f35ee9da8b3"},
    {file = "iniconfig-1.1.1.tar.gz", hash = "sha256:bc3af051d7d14b2ee5ef9969666def0cd1a000e121eaea580d4a313df4b37f32"},
]
numpy = [
    {file = "numpy-1.23.3-cp310-cp310-macosx_10_9_x86_64.whl", hash = "sha256:c9f707b5bb73bf277d812ded9896f9512a43edff72712f31667d0a8c2f8e71ee"},
    {file = "numpy-1.23.3-cp310-cp310-macosx_11_0_arm64.whl", hash = "sha256:ffcf105ecdd9396e05a8e58e81faaaf34d3f9875f137c7372450baa5d77c9a54"},
    {file = "numpy-1.23.3-cp310-cp310-manylinux_2_17_aarch64.manylinux2014_aarch64.whl", hash = "sha256:0ea3f98a0ffce3f8f57675eb9119f3f4edb81888b6874bc1953f91e0b1d4f440"},
    {file = "numpy-1.23.3-cp310-cp310-manylinux_2_17_x86_64.manylinux2014_x86_64.whl", hash = "sha256:004f0efcb2fe1c0bd6ae1fcfc69cc8b6bf2407e0f18be308612007a0762b4089"},
    {file = "numpy-1.23.3-cp310-cp310-win32.whl", hash = "sha256:98dcbc02e39b1658dc4b4508442a560fe3ca5ca0d989f0df062534e5ca3a5c1a"},
    {file = "numpy-1.23.3-cp310-cp310-win_amd64.whl", hash = "sha256:39a664e3d26ea854211867d20ebcc8023257c1800ae89773cbba9f9e97bae036"},
    {file = "numpy-1.23.3-cp311-cp311-macosx_10_9_x86_64.whl", hash = "sha256:1f27b5322ac4067e67c8f9378b41c746d8feac8bdd0e0ffede5324667b8a075c"},
    {file = "numpy-1.23.3-cp311-cp311-macosx_11_0_arm64.whl", hash = "sha256:2ad3ec9a748a8943e6eb4358201f7e1c12ede35f510b1a2221b70af4bb64295c"},
    {file = "numpy-1.23.3-cp311-cp311-manylinux_2_17_aarch64.manylinux2014_aarch64.whl", hash = "sha256:bdc9febce3e68b697d931941b263c59e0c74e8f18861f4064c1f712562903411"},
    {file = "numpy-1.23.3-cp311-cp311-manylinux_2_17_x86_64.manylinux2014_x86_64.whl", hash = "sha256:301c00cf5e60e08e04d842fc47df641d4a181e651c7135c50dc2762ffe293dbd"},
    {file = "numpy-1.23.3-cp311-cp311-win32.whl", hash = "sha256:7cd1328e5bdf0dee621912f5833648e2daca72e3839ec1d6695e91089625f0b4"},
    {file = "numpy-1.23.3-cp311-cp311-win_amd64.whl", hash = "sha256:8355fc10fd33a5a70981a5b8a0de51d10af3688d7a9e4a34fcc8fa0d7467bb7f"},
    {file = "numpy-1.23.3-cp38-cp38-macosx_10_9_x86_64.whl", hash = "sha256:bc6e8da415f359b578b00bcfb1d08411c96e9a97f9e6c7adada554a0812a6cc6"},
    {file = "numpy-1.23.3-cp38-cp38-macosx_11_0_arm64.whl", hash = "sha256:22d43376ee0acd547f3149b9ec12eec2f0ca4a6ab2f61753c5b29bb3e795ac4d"},
    {file = "numpy-1.23.3-cp38-cp38-manylinux_2_17_aarch64.manylinux2014_aarch64.whl", hash = "sha256:a64403f634e5ffdcd85e0b12c08f04b3080d3e840aef118721021f9b48fc1460"},
    {file = "numpy-1.23.3-cp38-cp38-manylinux_2_17_x86_64.manylinux2014_x86_64.whl", hash = "sha256:efd9d3abe5774404becdb0748178b48a218f1d8c44e0375475732211ea47c67e"},
    {file = "numpy-1.23.3-cp38-cp38-win32.whl", hash = "sha256:f8c02ec3c4c4fcb718fdf89a6c6f709b14949408e8cf2a2be5bfa9c49548fd85"},
    {file = "numpy-1.23.3-cp38-cp38-win_amd64.whl", hash = "sha256:e868b0389c5ccfc092031a861d4e158ea164d8b7fdbb10e3b5689b4fc6498df6"},
    {file = "numpy-1.23.3-cp39-cp39-macosx_10_9_x86_64.whl", hash = "sha256:09f6b7bdffe57fc61d869a22f506049825d707b288039d30f26a0d0d8ea05164"},
    {file = "numpy-1.23.3-cp39-cp39-macosx_11_0_arm64.whl", hash = "sha256:8c79d7cf86d049d0c5089231a5bcd31edb03555bd93d81a16870aa98c6cfb79d"},
    {file = "numpy-1.23.3-cp39-cp39-manylinux_2_17_aarch64.manylinux2014_aarch64.whl", hash = "sha256:e5d5420053bbb3dd64c30e58f9363d7a9c27444c3648e61460c1237f9ec3fa14"},
    {file = "numpy-1.23.3-cp39-cp39-manylinux_2_17_x86_64.manylinux2014_x86_64.whl", hash = "sha256:d5422d6a1ea9b15577a9432e26608c73a78faf0b9039437b075cf322c92e98e7"},
    {file = "numpy-1.23.3-cp39-cp39-win32.whl", hash = "sha256:c1ba66c48b19cc9c2975c0d354f24058888cdc674bebadceb3cdc9ec403fb5d1"},
    {file = "numpy-1.23.3-cp39-cp39-win_amd64.whl", hash = "sha256:78a63d2df1d947bd9d1b11d35564c2f9e4b57898aae4626638056ec1a231c40c"},
    {file = "numpy-1.23.3-pp38-pypy38_pp73-macosx_10_9_x86_64.whl", hash = "sha256:17c0e467ade9bda685d5ac7f5fa729d8d3e76b23195471adae2d6a6941bd2c18"},
    {file = "numpy-1.23.3-pp38-pypy38_pp73-manylinux_2_17_x86_64.manylinux2014_x86_64.whl", hash = "sha256:91b8d6768a75247026e951dce3b2aac79dc7e78622fc148329135ba189813584"},
    {file = "numpy-1.23.3-pp38-pypy38_pp73-win_amd64.whl", hash = "sha256:94c15ca4e52671a59219146ff584488907b1f9b3fc232622b47e2cf832e94fb8"},
    {file = "numpy-1.23.3.tar.gz", hash = "sha256:51bf49c0cd1d52be0a240aa66f3458afc4b95d8993d2d04f0d91fa60c10af6cd"},
]
packaging = [
    {file = "packaging-21.3-py3-none-any.whl", hash = "sha256:ef103e05f519cdc783ae24ea4e2e0f508a9c99b2d4969652eed6a2e1ea5bd522"},
    {file = "packaging-21.3.tar.gz", hash = "sha256:dd47c42927d89ab911e606518907cc2d3a1f38bbd026385970643f9c5b8ecfeb"},
]
pandas = [
    {file = "pandas-1.5.0-cp310-cp310-macosx_10_9_universal2.whl", hash = "sha256:0d8d7433d19bfa33f11c92ad9997f15a902bda4f5ad3a4814a21d2e910894484"},
    {file = "pandas-1.5.0-cp310-cp310-macosx_10_9_x86_64.whl", hash = "sha256:5cc47f2ebaa20ef96ae72ee082f9e101b3dfbf74f0e62c7a12c0b075a683f03c"},
    {file = "pandas-1.5.0-cp310-cp310-macosx_11_0_arm64.whl", hash = "sha256:8e8e5edf97d8793f51d258c07c629bd49d271d536ce15d66ac00ceda5c150eb3"},
    {file = "pandas-1.5.0-cp310-cp310-manylinux_2_17_aarch64.manylinux2014_aarch64.whl", hash = "sha256:41aec9f87455306496d4486df07c1b98c15569c714be2dd552a6124cd9fda88f"},
    {file = "pandas-1.5.0-cp310-cp310-manylinux_2_17_x86_64.manylinux2014_x86_64.whl", hash = "sha256:c76f1d104844c5360c21d2ef0e1a8b2ccf8b8ebb40788475e255b9462e32b2be"},
    {file = "pandas-1.5.0-cp310-cp310-win_amd64.whl", hash = "sha256:1642fc6138b4e45d57a12c1b464a01a6d868c0148996af23f72dde8d12486bbc"},
    {file = "pandas-1.5.0-cp311-cp311-macosx_10_9_universal2.whl", hash = "sha256:171cef540bfcec52257077816a4dbbac152acdb8236ba11d3196ae02bf0959d8"},
    {file = "pandas-1.5.0-cp311-cp311-macosx_10_9_x86_64.whl", hash = "sha256:a68a9b9754efff364b0c5ee5b0f18e15ca640c01afe605d12ba8b239ca304d6b"},
    {file = "pandas-1.5.0-cp311-cp311-macosx_11_0_arm64.whl", hash = "sha256:86d87279ebc5bc20848b4ceb619073490037323f80f515e0ec891c80abad958a"},
    {file = "pandas-1.5.0-cp311-cp311-manylinux_2_17_aarch64.manylinux2014_aarch64.whl", hash = "sha256:207d63ac851e60ec57458814613ef4b3b6a5e9f0b33c57623ba2bf8126c311f8"},
    {file = "pandas-1.5.0-cp311-cp311-manylinux_2_17_x86_64.manylinux2014_x86_64.whl", hash = "sha256:e252a9e49b233ff96e2815c67c29702ac3a062098d80a170c506dff3470fd060"},
    {file = "pandas-1.5.0-cp311-cp311-win_amd64.whl", hash = "sha256:de34636e2dc04e8ac2136a8d3c2051fd56ebe9fd6cd185581259330649e73ca9"},
    {file = "pandas-1.5.0-cp38-cp38-macosx_10_9_universal2.whl", hash = "sha256:1d34b1f43d9e3f4aea056ba251f6e9b143055ebe101ed04c847b41bb0bb4a989"},
    {file = "pandas-1.5.0-cp38-cp38-macosx_10_9_x86_64.whl", hash = "sha256:1b82ccc7b093e0a93f8dffd97a542646a3e026817140e2c01266aaef5fdde11b"},
    {file = "pandas-1.5.0-cp38-cp38-macosx_11_0_arm64.whl", hash = "sha256:4e30a31039574d96f3d683df34ccb50bb435426ad65793e42a613786901f6761"},
    {file = "pandas-1.5.0-cp38-cp38-manylinux_2_17_aarch64.manylinux2014_aarch64.whl", hash = "sha256:62e61003411382e20d7c2aec1ee8d7c86c8b9cf46290993dd8a0a3be44daeb38"},
    {file = "pandas-1.5.0-cp38-cp38-manylinux_2_17_x86_64.manylinux2014_x86_64.whl", hash = "sha256:fc987f7717e53d372f586323fff441263204128a1ead053c1b98d7288f836ac9"},
    {file = "pandas-1.5.0-cp38-cp38-win32.whl", hash = "sha256:e178ce2d7e3b934cf8d01dc2d48d04d67cb0abfaffdcc8aa6271fd5a436f39c8"},
    {file = "pandas-1.5.0-cp38-cp38-win_amd64.whl", hash = "sha256:33a9d9e21ab2d91e2ab6e83598419ea6a664efd4c639606b299aae8097c1c94f"},
    {file = "pandas-1.5.0-cp39-cp39-macosx_10_9_universal2.whl", hash = "sha256:73844e247a7b7dac2daa9df7339ecf1fcf1dfb8cbfd11e3ffe9819ae6c31c515"},
    {file = "pandas-1.5.0-cp39-cp39-macosx_10_9_x86_64.whl", hash = "sha256:e9c5049333c5bebf993033f4bf807d163e30e8fada06e1da7fa9db86e2392009"},
    {file = "pandas-1.5.0-cp39-cp39-macosx_11_0_arm64.whl", hash = "sha256:85a516a7f6723ca1528f03f7851fa8d0360d1d6121cf15128b290cf79b8a7f6a"},
    {file = "pandas-1.5.0-cp39-cp39-manylinux_2_17_aarch64.manylinux2014_aarch64.whl", hash = "sha256:947ed9f896ee61adbe61829a7ae1ade493c5a28c66366ec1de85c0642009faac"},
    {file = "pandas-1.5.0-cp39-cp39-manylinux_2_17_x86_64.manylinux2014_x86_64.whl", hash = "sha256:c7f38d91f21937fe2bec9449570d7bf36ad7136227ef43b321194ec249e2149d"},
    {file = "pandas-1.5.0-cp39-cp39-win32.whl", hash = "sha256:2504c032f221ef9e4a289f5e46a42b76f5e087ecb67d62e342ccbba95a32a488"},
    {file = "pandas-1.5.0-cp39-cp39-win_amd64.whl", hash = "sha256:8a4fc04838615bf0a8d3a03ed68197f358054f0df61f390bcc64fbe39e3d71ec"},
    {file = "pandas-1.5.0.tar.gz", hash = "sha256:3ee61b881d2f64dd90c356eb4a4a4de75376586cd3c9341c6c0fcaae18d52977"},
]
pip = [
    {file = "pip-22.2.2-py3-none-any.whl", hash = "sha256:b61a374b5bc40a6e982426aede40c9b5a08ff20e640f5b56977f4f91fed1e39a"},
    {file = "pip-22.2.2.tar.gz", hash = "sha256:3fd1929db052f056d7a998439176d3333fa1b3f6c1ad881de1885c0717608a4b"},
]
pluggy = [
    {file = "pluggy-1.0.0-py2.py3-none-any.whl", hash = "sha256:74134bbf457f031a36d68416e1509f34bd5ccc019f0bcc952c7b909d06b37bd3"},
    {file = "pluggy-1.0.0.tar.gz", hash = "sha256:4224373bacce55f955a878bf9cfa763c1e360858e330072059e10bad68531159"},
]
py = [
    {file = "py-1.11.0-py2.py3-none-any.whl", hash = "sha256:607c53218732647dff4acdfcd50cb62615cedf612e72d1724fb1a0cc6405b378"},
    {file = "py-1.11.0.tar.gz", hash = "sha256:51c75c4126074b472f746a24399ad32f6053d1b34b68d2fa41e558e6f4a98719"},
]
pyparsing = [
    {file = "pyparsing-3.0.9-py3-none-any.whl", hash = "sha256:5026bae9a10eeaefb61dab2f09052b9f4307d44aee4eda64b309723d8d206bbc"},
    {file = "pyparsing-3.0.9.tar.gz", hash = "sha256:2b020ecf7d21b687f219b71ecad3631f644a47f01403fa1d1036b0c6416d70fb"},
]
pysam = [
    {file = "pysam-0.19.1-cp310-cp310-macosx_10_9_x86_64.whl", hash = "sha256:8c066877dd3a10c38d6ad401637a819f03b18364a046aba3e654e212dee721e8"},
    {file = "pysam-0.19.1-cp310-cp310-manylinux_2_24_aarch64.whl", hash = "sha256:780afb82dd6ac5fcded0ee2e39ab936e2813dc97f2ccc208f0dcd0a013c5390d"},
    {file = "pysam-0.19.1-cp310-cp310-manylinux_2_24_i686.whl", hash = "sha256:951bbaa4cebe666b08d2ff3d043d82cf79f7b0abc2a6587ee1a8be00ee8d82b3"},
    {file = "pysam-0.19.1-cp310-cp310-manylinux_2_24_x86_64.whl", hash = "sha256:7ea4362a06b810b4ed443107b13fbe997c2f6909eca9a69e52addfe99f76c916"},
    {file = "pysam-0.19.1-cp36-cp36m-macosx_10_9_x86_64.whl", hash = "sha256:aef6d98fade6dd030712a8f4c20f70eec5f86aa3489e34488fc701f2a66d1fdd"},
    {file = "pysam-0.19.1-cp36-cp36m-manylinux_2_24_aarch64.whl", hash = "sha256:1603e5e4d9fb16566024392bc1a58f8a41dab3567588ece335514b7f89f3439e"},
    {file = "pysam-0.19.1-cp36-cp36m-manylinux_2_24_i686.whl", hash = "sha256:fc993c004f2c17b14e87c4957ebe2774385febf40c11c837c242847b35c15f7f"},
    {file = "pysam-0.19.1-cp36-cp36m-manylinux_2_24_x86_64.whl", hash = "sha256:f85b58cb246adcf8e5414bc3581dad1f3c776e61816a3b84fa5ec57c6e749475"},
    {file = "pysam-0.19.1-cp37-cp37m-macosx_10_9_x86_64.whl", hash = "sha256:9e4f8dc355a5d91e733bdba5cf7768c88b8da5ccde6df3704e1ce1932f24f312"},
    {file = "pysam-0.19.1-cp37-cp37m-manylinux_2_24_aarch64.whl", hash = "sha256:20fd2269d5dac8053428f42e6ef831d17dd5ae73bc0aa29cbc7d96e688a9fcb6"},
    {file = "pysam-0.19.1-cp37-cp37m-manylinux_2_24_i686.whl", hash = "sha256:55afc5df041a663f5809e6579ceb70335d2b49be8647c872b73c63897f76d2c4"},
    {file = "pysam-0.19.1-cp37-cp37m-manylinux_2_24_x86_64.whl", hash = "sha256:502529cdb004aebd2fc56cc2b0881a12d599e1c8d6d0ce114e54983e1c7e3b6d"},
    {file = "pysam-0.19.1-cp38-cp38-macosx_10_9_x86_64.whl", hash = "sha256:91bab0b59c1f06f9a2e30e737ad8f835adb5668acd445d75f26dba83b8d63480"},
    {file = "pysam-0.19.1-cp38-cp38-manylinux_2_24_aarch64.whl", hash = "sha256:9fa3fb0cd865d8068d3401c9f455a9bd80fd31911938f526b8f943ba684e6c70"},
    {file = "pysam-0.19.1-cp38-cp38-manylinux_2_24_i686.whl", hash = "sha256:08c7515c3a58e49ddf9cabf82fff378338ba9acf14c631747b7a65b4540be16c"},
    {file = "pysam-0.19.1-cp38-cp38-manylinux_2_24_x86_64.whl", hash = "sha256:94dec3e952b92398ae7ad641f9050014388c214cdd61fa625cec3ab285578be0"},
    {file = "pysam-0.19.1-cp39-cp39-macosx_10_9_x86_64.whl", hash = "sha256:d826486e1672e08300dbcc6c9eae8192db8578683d7d2bc1c041db0393d696bc"},
    {file = "pysam-0.19.1-cp39-cp39-manylinux_2_24_aarch64.whl", hash = "sha256:159b588b941a947c16f2c097b5c91e9249180b23f925c91be47fc1849e95fc25"},
    {file = "pysam-0.19.1-cp39-cp39-manylinux_2_24_i686.whl", hash = "sha256:dcd491d0d757d91e34d177d48bb911ebf63cd20c84ed1a9d43c5f2e7ea0014ba"},
    {file = "pysam-0.19.1-cp39-cp39-manylinux_2_24_x86_64.whl", hash = "sha256:d97c21d0f7fbf2594b9c8b66e1654159095ca7e08341f06c42074b2c20a8489b"},
    {file = "pysam-0.19.1.tar.gz", hash = "sha256:dee403cbdf232170c1e11cc24c76e7dd748fc672ad38eb0414f3b9d569b1448f"},
]
pytest = [
    {file = "pytest-7.1.3-py3-none-any.whl", hash = "sha256:1377bda3466d70b55e3f5cecfa55bb7cfcf219c7964629b967c37cf0bda818b7"},
    {file = "pytest-7.1.3.tar.gz", hash = "sha256:4f365fec2dff9c1162f834d9f18af1ba13062db0c708bf7b946f8a5c76180c39"},
]
python-dateutil = [
    {file = "python-dateutil-2.8.2.tar.gz", hash = "sha256:0123cacc1627ae19ddf3c27a5de5bd67ee4586fbdd6440d9748f8abb483d3e86"},
    {file = "python_dateutil-2.8.2-py2.py3-none-any.whl", hash = "sha256:961d03dc3453ebbc59dbdea9e4e11c5651520a876d0f4db161e8674aae935da9"},
]
pytz = [
    {file = "pytz-2022.4-py2.py3-none-any.whl", hash = "sha256:2c0784747071402c6e99f0bafdb7da0fa22645f06554c7ae06bf6358897e9c91"},
    {file = "pytz-2022.4.tar.gz", hash = "sha256:48ce799d83b6f8aab2020e369b627446696619e79645419610b9facd909b3174"},
]
six = [
    {file = "six-1.16.0-py2.py3-none-any.whl", hash = "sha256:8abb2f1d86890a2dfb989f9a77cfcfd3e47c2a354b01111771326f8aa26e0254"},
    {file = "six-1.16.0.tar.gz", hash = "sha256:1e61c37477a1626458e36f7b1d82aa5c9b094fa4802892072e49de9c60c4c926"},
]
tomli = [
    {file = "tomli-2.0.1-py3-none-any.whl", hash = "sha256:939de3e7a6161af0c887ef91b7d41a53e7c5a1ca976325f429cb46ea9bc30ecc"},
    {file = "tomli-2.0.1.tar.gz", hash = "sha256:de526c12914f0c550d15924c62d72abc48d6fe7364aa87328337a31007fe8a4f"},
]
tqdm = [
    {file = "tqdm-4.64.1-py2.py3-none-any.whl", hash = "sha256:6fee160d6ffcd1b1c68c65f14c829c22832bc401726335ce92c52d395944a6a1"},
    {file = "tqdm-4.64.1.tar.gz", hash = "sha256:5f4f682a004951c1b450bc753c710e9280c5746ce6ffedee253ddbcbf54cf1e4"},
]
